// !$*UTF8*$!
{
	archiveVersion = 1;
	classes = {
	};
	objectVersion = 46;
	objects = {

/* Begin PBXBuildFile section */
		D881772419377933005D4C18 /* AudioToolbox.framework in Frameworks */ = {isa = PBXBuildFile; fileRef = D881772219377933005D4C18 /* AudioToolbox.framework */; };
		D881772719377952005D4C18 /* CoreAudio.framework in Frameworks */ = {isa = PBXBuildFile; fileRef = D881772619377952005D4C18 /* CoreAudio.framework */; };
		D881772A19378C92005D4C18 /* IosAudioController.m in Sources */ = {isa = PBXBuildFile; fileRef = D881772919378C92005D4C18 /* IosAudioController.m */; };
		D89DAA37192E246400288B67 /* Main.storyboard in Resources */ = {isa = PBXBuildFile; fileRef = D89DAA35192E246400288B67 /* Main.storyboard */; };
		D89DAA3A192E2BDB00288B67 /* PhoneNumberRepository.m in Sources */ = {isa = PBXBuildFile; fileRef = D89DAA39192E2BDB00288B67 /* PhoneNumberRepository.m */; };
		D89DAA3D192E868D00288B67 /* SettingsViewController.m in Sources */ = {isa = PBXBuildFile; fileRef = D89DAA3C192E868D00288B67 /* SettingsViewController.m */; };
		D89E0CDC192E0FA8008D36CC /* MainViewController.m in Sources */ = {isa = PBXBuildFile; fileRef = D89E0CDB192E0FA8008D36CC /* MainViewController.m */; };
		D8DCD0E31950826700F3C24C /* NetworkAdapter.m in Sources */ = {isa = PBXBuildFile; fileRef = D8DCD0E21950826700F3C24C /* NetworkAdapter.m */; };
		D8E9000A192DD9F200A07E07 /* Foundation.framework in Frameworks */ = {isa = PBXBuildFile; fileRef = D8E90009192DD9F200A07E07 /* Foundation.framework */; };
		D8E9000C192DD9F200A07E07 /* CoreGraphics.framework in Frameworks */ = {isa = PBXBuildFile; fileRef = D8E9000B192DD9F200A07E07 /* CoreGraphics.framework */; };
		D8E9000E192DD9F200A07E07 /* UIKit.framework in Frameworks */ = {isa = PBXBuildFile; fileRef = D8E9000D192DD9F200A07E07 /* UIKit.framework */; };
		D8E90014192DD9F200A07E07 /* InfoPlist.strings in Resources */ = {isa = PBXBuildFile; fileRef = D8E90012192DD9F200A07E07 /* InfoPlist.strings */; };
		D8E90016192DD9F200A07E07 /* main.m in Sources */ = {isa = PBXBuildFile; fileRef = D8E90015192DD9F200A07E07 /* main.m */; };
		D8E9001A192DD9F200A07E07 /* BabyAppDelegate.m in Sources */ = {isa = PBXBuildFile; fileRef = D8E90019192DD9F200A07E07 /* BabyAppDelegate.m */; };
		D8E9001C192DD9F200A07E07 /* Images.xcassets in Resources */ = {isa = PBXBuildFile; fileRef = D8E9001B192DD9F200A07E07 /* Images.xcassets */; };
		D8E90023192DD9F200A07E07 /* XCTest.framework in Frameworks */ = {isa = PBXBuildFile; fileRef = D8E90022192DD9F200A07E07 /* XCTest.framework */; };
		D8E90024192DD9F200A07E07 /* Foundation.framework in Frameworks */ = {isa = PBXBuildFile; fileRef = D8E90009192DD9F200A07E07 /* Foundation.framework */; };
		D8E90025192DD9F200A07E07 /* UIKit.framework in Frameworks */ = {isa = PBXBuildFile; fileRef = D8E9000D192DD9F200A07E07 /* UIKit.framework */; };
		D8E9002D192DD9F200A07E07 /* InfoPlist.strings in Resources */ = {isa = PBXBuildFile; fileRef = D8E9002B192DD9F200A07E07 /* InfoPlist.strings */; };
		D8E9002F192DD9F200A07E07 /* babyphoneTests.m in Sources */ = {isa = PBXBuildFile; fileRef = D8E9002E192DD9F200A07E07 /* babyphoneTests.m */; };
/* End PBXBuildFile section */

/* Begin PBXContainerItemProxy section */
		D8E90026192DD9F200A07E07 /* PBXContainerItemProxy */ = {
			isa = PBXContainerItemProxy;
			containerPortal = D8E9FFFE192DD9F200A07E07 /* Project object */;
			proxyType = 1;
			remoteGlobalIDString = D8E90005192DD9F200A07E07;
			remoteInfo = babyphone;
		};
/* End PBXContainerItemProxy section */

/* Begin PBXFileReference section */
		D881772219377933005D4C18 /* AudioToolbox.framework */ = {isa = PBXFileReference; lastKnownFileType = wrapper.framework; name = AudioToolbox.framework; path = System/Library/Frameworks/AudioToolbox.framework; sourceTree = SDKROOT; };
		D881772619377952005D4C18 /* CoreAudio.framework */ = {isa = PBXFileReference; lastKnownFileType = wrapper.framework; name = CoreAudio.framework; path = System/Library/Frameworks/CoreAudio.framework; sourceTree = SDKROOT; };
		D881772819378C92005D4C18 /* IosAudioController.h */ = {isa = PBXFileReference; fileEncoding = 4; lastKnownFileType = sourcecode.c.h; path = IosAudioController.h; sourceTree = "<group>"; };
		D881772919378C92005D4C18 /* IosAudioController.m */ = {isa = PBXFileReference; fileEncoding = 4; lastKnownFileType = sourcecode.c.objc; path = IosAudioController.m; sourceTree = "<group>"; };
		D89DAA36192E246400288B67 /* en */ = {isa = PBXFileReference; lastKnownFileType = file.storyboard; name = en; path = en.lproj/Main.storyboard; sourceTree = "<group>"; };
		D89DAA38192E2BDB00288B67 /* PhoneNumberRepository.h */ = {isa = PBXFileReference; fileEncoding = 4; lastKnownFileType = sourcecode.c.h; path = PhoneNumberRepository.h; sourceTree = "<group>"; };
		D89DAA39192E2BDB00288B67 /* PhoneNumberRepository.m */ = {isa = PBXFileReference; fileEncoding = 4; lastKnownFileType = sourcecode.c.objc; path = PhoneNumberRepository.m; sourceTree = "<group>"; };
		D89DAA3B192E868D00288B67 /* SettingsViewController.h */ = {isa = PBXFileReference; fileEncoding = 4; lastKnownFileType = sourcecode.c.h; path = SettingsViewController.h; sourceTree = "<group>"; };
		D89DAA3C192E868D00288B67 /* SettingsViewController.m */ = {isa = PBXFileReference; fileEncoding = 4; lastKnownFileType = sourcecode.c.objc; path = SettingsViewController.m; sourceTree = "<group>"; };
		D89E0CDA192E0FA8008D36CC /* MainViewController.h */ = {isa = PBXFileReference; fileEncoding = 4; lastKnownFileType = sourcecode.c.h; path = MainViewController.h; sourceTree = "<group>"; };
		D89E0CDB192E0FA8008D36CC /* MainViewController.m */ = {isa = PBXFileReference; fileEncoding = 4; lastKnownFileType = sourcecode.c.objc; path = MainViewController.m; sourceTree = "<group>"; };
		D8DCD0E11950826700F3C24C /* NetworkAdapter.h */ = {isa = PBXFileReference; fileEncoding = 4; lastKnownFileType = sourcecode.c.h; path = NetworkAdapter.h; sourceTree = "<group>"; };
		D8DCD0E21950826700F3C24C /* NetworkAdapter.m */ = {isa = PBXFileReference; fileEncoding = 4; lastKnownFileType = sourcecode.c.objc; path = NetworkAdapter.m; sourceTree = "<group>"; };
		D8E90006192DD9F200A07E07 /* babyphone.app */ = {isa = PBXFileReference; explicitFileType = wrapper.application; includeInIndex = 0; path = babyphone.app; sourceTree = BUILT_PRODUCTS_DIR; };
		D8E90009192DD9F200A07E07 /* Foundation.framework */ = {isa = PBXFileReference; lastKnownFileType = wrapper.framework; name = Foundation.framework; path = System/Library/Frameworks/Foundation.framework; sourceTree = SDKROOT; };
		D8E9000B192DD9F200A07E07 /* CoreGraphics.framework */ = {isa = PBXFileReference; lastKnownFileType = wrapper.framework; name = CoreGraphics.framework; path = System/Library/Frameworks/CoreGraphics.framework; sourceTree = SDKROOT; };
		D8E9000D192DD9F200A07E07 /* UIKit.framework */ = {isa = PBXFileReference; lastKnownFileType = wrapper.framework; name = UIKit.framework; path = System/Library/Frameworks/UIKit.framework; sourceTree = SDKROOT; };
		D8E90011192DD9F200A07E07 /* babyphone-Info.plist */ = {isa = PBXFileReference; lastKnownFileType = text.plist.xml; path = "babyphone-Info.plist"; sourceTree = "<group>"; };
		D8E90013192DD9F200A07E07 /* en */ = {isa = PBXFileReference; lastKnownFileType = text.plist.strings; name = en; path = en.lproj/InfoPlist.strings; sourceTree = "<group>"; };
		D8E90015192DD9F200A07E07 /* main.m */ = {isa = PBXFileReference; lastKnownFileType = sourcecode.c.objc; path = main.m; sourceTree = "<group>"; };
		D8E90017192DD9F200A07E07 /* babyphone-Prefix.pch */ = {isa = PBXFileReference; lastKnownFileType = sourcecode.c.h; path = "babyphone-Prefix.pch"; sourceTree = "<group>"; };
		D8E90018192DD9F200A07E07 /* BabyAppDelegate.h */ = {isa = PBXFileReference; lastKnownFileType = sourcecode.c.h; path = BabyAppDelegate.h; sourceTree = "<group>"; };
		D8E90019192DD9F200A07E07 /* BabyAppDelegate.m */ = {isa = PBXFileReference; lastKnownFileType = sourcecode.c.objc; path = BabyAppDelegate.m; sourceTree = "<group>"; };
		D8E9001B192DD9F200A07E07 /* Images.xcassets */ = {isa = PBXFileReference; lastKnownFileType = folder.assetcatalog; path = Images.xcassets; sourceTree = "<group>"; };
		D8E90021192DD9F200A07E07 /* babyphoneTests.xctest */ = {isa = PBXFileReference; explicitFileType = wrapper.cfbundle; includeInIndex = 0; path = babyphoneTests.xctest; sourceTree = BUILT_PRODUCTS_DIR; };
		D8E90022192DD9F200A07E07 /* XCTest.framework */ = {isa = PBXFileReference; lastKnownFileType = wrapper.framework; name = XCTest.framework; path = Library/Frameworks/XCTest.framework; sourceTree = DEVELOPER_DIR; };
		D8E9002A192DD9F200A07E07 /* babyphoneTests-Info.plist */ = {isa = PBXFileReference; lastKnownFileType = text.plist.xml; path = "babyphoneTests-Info.plist"; sourceTree = "<group>"; };
		D8E9002C192DD9F200A07E07 /* en */ = {isa = PBXFileReference; lastKnownFileType = text.plist.strings; name = en; path = en.lproj/InfoPlist.strings; sourceTree = "<group>"; };
		D8E9002E192DD9F200A07E07 /* babyphoneTests.m */ = {isa = PBXFileReference; lastKnownFileType = sourcecode.c.objc; path = babyphoneTests.m; sourceTree = "<group>"; };
/* End PBXFileReference section */

/* Begin PBXFrameworksBuildPhase section */
		D8E90003192DD9F200A07E07 /* Frameworks */ = {
			isa = PBXFrameworksBuildPhase;
			buildActionMask = 2147483647;
			files = (
				D881772719377952005D4C18 /* CoreAudio.framework in Frameworks */,
				D881772419377933005D4C18 /* AudioToolbox.framework in Frameworks */,
				D8E9000C192DD9F200A07E07 /* CoreGraphics.framework in Frameworks */,
				D8E9000E192DD9F200A07E07 /* UIKit.framework in Frameworks */,
				D8E9000A192DD9F200A07E07 /* Foundation.framework in Frameworks */,
			);
			runOnlyForDeploymentPostprocessing = 0;
		};
		D8E9001E192DD9F200A07E07 /* Frameworks */ = {
			isa = PBXFrameworksBuildPhase;
			buildActionMask = 2147483647;
			files = (
				D8E90023192DD9F200A07E07 /* XCTest.framework in Frameworks */,
				D8E90025192DD9F200A07E07 /* UIKit.framework in Frameworks */,
				D8E90024192DD9F200A07E07 /* Foundation.framework in Frameworks */,
			);
			runOnlyForDeploymentPostprocessing = 0;
		};
/* End PBXFrameworksBuildPhase section */

/* Begin PBXGroup section */
		D8E90007192DD9F200A07E07 /* Products */ = {
			isa = PBXGroup;
			children = (
				D8E90006192DD9F200A07E07 /* babyphone.app */,
				D8E90021192DD9F200A07E07 /* babyphoneTests.xctest */,
			);
			name = Products;
			sourceTree = "<group>";
		};
		D8E90008192DD9F200A07E07 /* Frameworks */ = {
			isa = PBXGroup;
			children = (
				D881772619377952005D4C18 /* CoreAudio.framework */,
				D881772219377933005D4C18 /* AudioToolbox.framework */,
				D8E90009192DD9F200A07E07 /* Foundation.framework */,
				D8E9000B192DD9F200A07E07 /* CoreGraphics.framework */,
				D8E9000D192DD9F200A07E07 /* UIKit.framework */,
				D8E90022192DD9F200A07E07 /* XCTest.framework */,
			);
			name = Frameworks;
			sourceTree = "<group>";
		};
		D8E9000F192DD9F200A07E07 /* babyphone */ = {
			isa = PBXGroup;
			children = (
				D881772819378C92005D4C18 /* IosAudioController.h */,
				D881772919378C92005D4C18 /* IosAudioController.m */,
				D8E90018192DD9F200A07E07 /* BabyAppDelegate.h */,
				D8E90019192DD9F200A07E07 /* BabyAppDelegate.m */,
				D8E9001B192DD9F200A07E07 /* Images.xcassets */,
				D8E90010192DD9F200A07E07 /* Supporting Files */,
				D89E0CDA192E0FA8008D36CC /* MainViewController.h */,
				D89E0CDB192E0FA8008D36CC /* MainViewController.m */,
				D89DAA38192E2BDB00288B67 /* PhoneNumberRepository.h */,
				D89DAA39192E2BDB00288B67 /* PhoneNumberRepository.m */,
				D89DAA3B192E868D00288B67 /* SettingsViewController.h */,
				D89DAA3C192E868D00288B67 /* SettingsViewController.m */,
				D8DCD0E11950826700F3C24C /* NetworkAdapter.h */,
				D8DCD0E21950826700F3C24C /* NetworkAdapter.m */,
			);
			path = babyphone;
			sourceTree = "<group>";
		};
		D8E90010192DD9F200A07E07 /* Supporting Files */ = {
			isa = PBXGroup;
			children = (
				D8E90011192DD9F200A07E07 /* babyphone-Info.plist */,
				D8E90012192DD9F200A07E07 /* InfoPlist.strings */,
				D8E90015192DD9F200A07E07 /* main.m */,
				D8E90017192DD9F200A07E07 /* babyphone-Prefix.pch */,
			);
			name = "Supporting Files";
			sourceTree = "<group>";
		};
		D8E90028192DD9F200A07E07 /* babyphoneTests */ = {
			isa = PBXGroup;
			children = (
				D8E9002E192DD9F200A07E07 /* babyphoneTests.m */,
				D8E90029192DD9F200A07E07 /* Supporting Files */,
			);
			path = babyphoneTests;
			sourceTree = "<group>";
		};
		D8E90029192DD9F200A07E07 /* Supporting Files */ = {
			isa = PBXGroup;
			children = (
				D8E9002A192DD9F200A07E07 /* babyphoneTests-Info.plist */,
				D8E9002B192DD9F200A07E07 /* InfoPlist.strings */,
			);
			name = "Supporting Files";
			sourceTree = "<group>";
		};
		D8E9FFFD192DD9F200A07E07 = {
			isa = PBXGroup;
			children = (
				D89DAA35192E246400288B67 /* Main.storyboard */,
				D8E9000F192DD9F200A07E07 /* babyphone */,
				D8E90028192DD9F200A07E07 /* babyphoneTests */,
				D8E90008192DD9F200A07E07 /* Frameworks */,
				D8E90007192DD9F200A07E07 /* Products */,
			);
			sourceTree = "<group>";
		};
/* End PBXGroup section */

/* Begin PBXNativeTarget section */
		D8E90005192DD9F200A07E07 /* babyphone */ = {
			isa = PBXNativeTarget;
			buildConfigurationList = D8E90032192DD9F300A07E07 /* Build configuration list for PBXNativeTarget "babyphone" */;
			buildPhases = (
				D8E90002192DD9F200A07E07 /* Sources */,
				D8E90003192DD9F200A07E07 /* Frameworks */,
				D8E90004192DD9F200A07E07 /* Resources */,
			);
			buildRules = (
			);
			dependencies = (
			);
			name = babyphone;
			productName = babyphone;
			productReference = D8E90006192DD9F200A07E07 /* babyphone.app */;
			productType = "com.apple.product-type.application";
		};
		D8E90020192DD9F200A07E07 /* babyphoneTests */ = {
			isa = PBXNativeTarget;
			buildConfigurationList = D8E90035192DD9F300A07E07 /* Build configuration list for PBXNativeTarget "babyphoneTests" */;
			buildPhases = (
				D8E9001D192DD9F200A07E07 /* Sources */,
				D8E9001E192DD9F200A07E07 /* Frameworks */,
				D8E9001F192DD9F200A07E07 /* Resources */,
			);
			buildRules = (
			);
			dependencies = (
				D8E90027192DD9F200A07E07 /* PBXTargetDependency */,
			);
			name = babyphoneTests;
			productName = babyphoneTests;
			productReference = D8E90021192DD9F200A07E07 /* babyphoneTests.xctest */;
			productType = "com.apple.product-type.bundle.unit-test";
		};
/* End PBXNativeTarget section */

/* Begin PBXProject section */
		D8E9FFFE192DD9F200A07E07 /* Project object */ = {
			isa = PBXProject;
			attributes = {
				CLASSPREFIX = Baby;
				LastUpgradeCheck = 0510;
				ORGANIZATIONNAME = bbv;
				TargetAttributes = {
					D8E90005192DD9F200A07E07 = {
						DevelopmentTeam = MGK77GHU2T;
					};
					D8E90020192DD9F200A07E07 = {
						TestTargetID = D8E90005192DD9F200A07E07;
					};
				};
			};
			buildConfigurationList = D8E90001192DD9F200A07E07 /* Build configuration list for PBXProject "babyphone" */;
			compatibilityVersion = "Xcode 3.2";
			developmentRegion = English;
			hasScannedForEncodings = 0;
			knownRegions = (
				en,
			);
			mainGroup = D8E9FFFD192DD9F200A07E07;
			productRefGroup = D8E90007192DD9F200A07E07 /* Products */;
			projectDirPath = "";
			projectRoot = "";
			targets = (
				D8E90005192DD9F200A07E07 /* babyphone */,
				D8E90020192DD9F200A07E07 /* babyphoneTests */,
			);
		};
/* End PBXProject section */

/* Begin PBXResourcesBuildPhase section */
		D8E90004192DD9F200A07E07 /* Resources */ = {
			isa = PBXResourcesBuildPhase;
			buildActionMask = 2147483647;
			files = (
				D89DAA37192E246400288B67 /* Main.storyboard in Resources */,
				D8E90014192DD9F200A07E07 /* InfoPlist.strings in Resources */,
				D8E9001C192DD9F200A07E07 /* Images.xcassets in Resources */,
			);
			runOnlyForDeploymentPostprocessing = 0;
		};
		D8E9001F192DD9F200A07E07 /* Resources */ = {
			isa = PBXResourcesBuildPhase;
			buildActionMask = 2147483647;
			files = (
				D8E9002D192DD9F200A07E07 /* InfoPlist.strings in Resources */,
			);
			runOnlyForDeploymentPostprocessing = 0;
		};
/* End PBXResourcesBuildPhase section */

/* Begin PBXSourcesBuildPhase section */
		D8E90002192DD9F200A07E07 /* Sources */ = {
			isa = PBXSourcesBuildPhase;
			buildActionMask = 2147483647;
			files = (
				D8E9001A192DD9F200A07E07 /* BabyAppDelegate.m in Sources */,
				D89DAA3A192E2BDB00288B67 /* PhoneNumberRepository.m in Sources */,
				D8DCD0E31950826700F3C24C /* NetworkAdapter.m in Sources */,
				D881772A19378C92005D4C18 /* IosAudioController.m in Sources */,
				D89DAA3D192E868D00288B67 /* SettingsViewController.m in Sources */,
				D89E0CDC192E0FA8008D36CC /* MainViewController.m in Sources */,
				D8E90016192DD9F200A07E07 /* main.m in Sources */,
			);
			runOnlyForDeploymentPostprocessing = 0;
		};
		D8E9001D192DD9F200A07E07 /* Sources */ = {
			isa = PBXSourcesBuildPhase;
			buildActionMask = 2147483647;
			files = (
				D8E9002F192DD9F200A07E07 /* babyphoneTests.m in Sources */,
			);
			runOnlyForDeploymentPostprocessing = 0;
		};
/* End PBXSourcesBuildPhase section */

/* Begin PBXTargetDependency section */
		D8E90027192DD9F200A07E07 /* PBXTargetDependency */ = {
			isa = PBXTargetDependency;
			target = D8E90005192DD9F200A07E07 /* babyphone */;
			targetProxy = D8E90026192DD9F200A07E07 /* PBXContainerItemProxy */;
		};
/* End PBXTargetDependency section */

/* Begin PBXVariantGroup section */
		D89DAA35192E246400288B67 /* Main.storyboard */ = {
			isa = PBXVariantGroup;
			children = (
				D89DAA36192E246400288B67 /* en */,
			);
			name = Main.storyboard;
			sourceTree = "<group>";
		};
		D8E90012192DD9F200A07E07 /* InfoPlist.strings */ = {
			isa = PBXVariantGroup;
			children = (
				D8E90013192DD9F200A07E07 /* en */,
			);
			name = InfoPlist.strings;
			sourceTree = "<group>";
		};
		D8E9002B192DD9F200A07E07 /* InfoPlist.strings */ = {
			isa = PBXVariantGroup;
			children = (
				D8E9002C192DD9F200A07E07 /* en */,
			);
			name = InfoPlist.strings;
			sourceTree = "<group>";
		};
/* End PBXVariantGroup section */

/* Begin XCBuildConfiguration section */
		D8E90030192DD9F200A07E07 /* Debug */ = {
			isa = XCBuildConfiguration;
			buildSettings = {
				ALWAYS_SEARCH_USER_PATHS = NO;
				CLANG_CXX_LANGUAGE_STANDARD = "gnu++0x";
				CLANG_CXX_LIBRARY = "libc++";
				CLANG_ENABLE_MODULES = YES;
				CLANG_ENABLE_OBJC_ARC = YES;
				CLANG_WARN_BOOL_CONVERSION = YES;
				CLANG_WARN_CONSTANT_CONVERSION = YES;
				CLANG_WARN_DIRECT_OBJC_ISA_USAGE = YES_ERROR;
				CLANG_WARN_EMPTY_BODY = YES;
				CLANG_WARN_ENUM_CONVERSION = YES;
				CLANG_WARN_INT_CONVERSION = YES;
				CLANG_WARN_OBJC_ROOT_CLASS = YES_ERROR;
				CLANG_WARN__DUPLICATE_METHOD_MATCH = YES;
				"CODE_SIGN_IDENTITY[sdk=iphoneos*]" = "iPhone Developer";
				COPY_PHASE_STRIP = NO;
				GCC_C_LANGUAGE_STANDARD = gnu99;
				GCC_DYNAMIC_NO_PIC = NO;
				GCC_OPTIMIZATION_LEVEL = 0;
				GCC_PREPROCESSOR_DEFINITIONS = (
					"DEBUG=1",
					"$(inherited)",
				);
				GCC_SYMBOLS_PRIVATE_EXTERN = NO;
				GCC_WARN_64_TO_32_BIT_CONVERSION = YES;
				GCC_WARN_ABOUT_RETURN_TYPE = YES_ERROR;
				GCC_WARN_UNDECLARED_SELECTOR = YES;
				GCC_WARN_UNINITIALIZED_AUTOS = YES_AGGRESSIVE;
				GCC_WARN_UNUSED_FUNCTION = YES;
				GCC_WARN_UNUSED_VARIABLE = YES;
				IPHONEOS_DEPLOYMENT_TARGET = 7.0;
				ONLY_ACTIVE_ARCH = YES;
				SDKROOT = iphoneos7.1;
			};
			name = Debug;
		};
		D8E90031192DD9F300A07E07 /* Release */ = {
			isa = XCBuildConfiguration;
			buildSettings = {
				ALWAYS_SEARCH_USER_PATHS = NO;
				CLANG_CXX_LANGUAGE_STANDARD = "gnu++0x";
				CLANG_CXX_LIBRARY = "libc++";
				CLANG_ENABLE_MODULES = YES;
				CLANG_ENABLE_OBJC_ARC = YES;
				CLANG_WARN_BOOL_CONVERSION = YES;
				CLANG_WARN_CONSTANT_CONVERSION = YES;
				CLANG_WARN_DIRECT_OBJC_ISA_USAGE = YES_ERROR;
				CLANG_WARN_EMPTY_BODY = YES;
				CLANG_WARN_ENUM_CONVERSION = YES;
				CLANG_WARN_INT_CONVERSION = YES;
				CLANG_WARN_OBJC_ROOT_CLASS = YES_ERROR;
				CLANG_WARN__DUPLICATE_METHOD_MATCH = YES;
				"CODE_SIGN_IDENTITY[sdk=iphoneos*]" = "iPhone Developer";
				COPY_PHASE_STRIP = YES;
				ENABLE_NS_ASSERTIONS = NO;
				GCC_C_LANGUAGE_STANDARD = gnu99;
				GCC_WARN_64_TO_32_BIT_CONVERSION = YES;
				GCC_WARN_ABOUT_RETURN_TYPE = YES_ERROR;
				GCC_WARN_UNDECLARED_SELECTOR = YES;
				GCC_WARN_UNINITIALIZED_AUTOS = YES_AGGRESSIVE;
				GCC_WARN_UNUSED_FUNCTION = YES;
				GCC_WARN_UNUSED_VARIABLE = YES;
				IPHONEOS_DEPLOYMENT_TARGET = 7.0;
				SDKROOT = iphoneos7.1;
				VALIDATE_PRODUCT = YES;
			};
			name = Release;
		};
		D8E90033192DD9F300A07E07 /* Debug */ = {
			isa = XCBuildConfiguration;
			buildSettings = {
				ASSETCATALOG_COMPILER_APPICON_NAME = AppIcon;
				ASSETCATALOG_COMPILER_LAUNCHIMAGE_NAME = LaunchImage;
				CODE_SIGN_IDENTITY = "iPhone Developer";
				"CODE_SIGN_IDENTITY[sdk=iphoneos*]" = "iPhone Developer";
				GCC_PRECOMPILE_PREFIX_HEADER = YES;
				GCC_PREFIX_HEADER = "babyphone/babyphone-Prefix.pch";
				INFOPLIST_FILE = "babyphone/babyphone-Info.plist";
				IPHONEOS_DEPLOYMENT_TARGET = 7.0;
				PRODUCT_NAME = "$(TARGET_NAME)";
				PROVISIONING_PROFILE = "";
				TARGETED_DEVICE_FAMILY = 1;
				WRAPPER_EXTENSION = app;
			};
			name = Debug;
		};
		D8E90034192DD9F300A07E07 /* Release */ = {
			isa = XCBuildConfiguration;
			buildSettings = {
				ASSETCATALOG_COMPILER_APPICON_NAME = AppIcon;
				ASSETCATALOG_COMPILER_LAUNCHIMAGE_NAME = LaunchImage;
				CODE_SIGN_IDENTITY = "iPhone Developer";
				"CODE_SIGN_IDENTITY[sdk=iphoneos*]" = "iPhone Developer";
				GCC_PRECOMPILE_PREFIX_HEADER = YES;
				GCC_PREFIX_HEADER = "babyphone/babyphone-Prefix.pch";
				INFOPLIST_FILE = "babyphone/babyphone-Info.plist";
				IPHONEOS_DEPLOYMENT_TARGET = 7.0;
				PRODUCT_NAME = "$(TARGET_NAME)";
				PROVISIONING_PROFILE = "";
				TARGETED_DEVICE_FAMILY = 1;
				WRAPPER_EXTENSION = app;
			};
			name = Release;
		};
		D8E90036192DD9F300A07E07 /* Debug */ = {
			isa = XCBuildConfiguration;
			buildSettings = {
				BUNDLE_LOADER = "$(BUILT_PRODUCTS_DIR)/babyphone.app/babyphone";
				FRAMEWORK_SEARCH_PATHS = (
					"$(SDKROOT)/Developer/Library/Frameworks",
					"$(inherited)",
					"$(DEVELOPER_FRAMEWORKS_DIR)",
				);
				GCC_PRECOMPILE_PREFIX_HEADER = YES;
				GCC_PREFIX_HEADER = "babyphone/babyphone-Prefix.pch";
				GCC_PREPROCESSOR_DEFINITIONS = (
					"DEBUG=1",
					"$(inherited)",
				);
				INFOPLIST_FILE = "babyphoneTests/babyphoneTests-Info.plist";
				PRODUCT_NAME = "$(TARGET_NAME)";
				TEST_HOST = "$(BUNDLE_LOADER)";
				WRAPPER_EXTENSION = xctest;
			};
			name = Debug;
		};
		D8E90037192DD9F300A07E07 /* Release */ = {
			isa = XCBuildConfiguration;
			buildSettings = {
				BUNDLE_LOADER = "$(BUILT_PRODUCTS_DIR)/babyphone.app/babyphone";
				FRAMEWORK_SEARCH_PATHS = (
					"$(SDKROOT)/Developer/Library/Frameworks",
					"$(inherited)",
					"$(DEVELOPER_FRAMEWORKS_DIR)",
				);
				GCC_PRECOMPILE_PREFIX_HEADER = YES;
				GCC_PREFIX_HEADER = "babyphone/babyphone-Prefix.pch";
				INFOPLIST_FILE = "babyphoneTests/babyphoneTests-Info.plist";
				PRODUCT_NAME = "$(TARGET_NAME)";
				TEST_HOST = "$(BUNDLE_LOADER)";
				WRAPPER_EXTENSION = xctest;
			};
			name = Release;
		};
/* End XCBuildConfiguration section */

/* Begin XCConfigurationList section */
		D8E90001192DD9F200A07E07 /* Build configuration list for PBXProject "babyphone" */ = {
			isa = XCConfigurationList;
			buildConfigurations = (
				D8E90030192DD9F200A07E07 /* Debug */,
				D8E90031192DD9F300A07E07 /* Release */,
			);
			defaultConfigurationIsVisible = 0;
			defaultConfigurationName = Release;
		};
		D8E90032192DD9F300A07E07 /* Build configuration list for PBXNativeTarget "babyphone" */ = {
			isa = XCConfigurationList;
			buildConfigurations = (
				D8E90033192DD9F300A07E07 /* Debug */,
				D8E90034192DD9F300A07E07 /* Release */,
			);
			defaultConfigurationIsVisible = 0;
			defaultConfigurationName = Release;
		};
		D8E90035192DD9F300A07E07 /* Build configuration list for PBXNativeTarget "babyphoneTests" */ = {
			isa = XCConfigurationList;
			buildConfigurations = (
				D8E90036192DD9F300A07E07 /* Debug */,
				D8E90037192DD9F300A07E07 /* Release */,
			);
			defaultConfigurationIsVisible = 0;
			defaultConfigurationName = Release;
		};
/* End XCConfigurationList section */
	};
	rootObject = D8E9FFFE192DD9F200A07E07 /* Project object */;
}
